{
  "name": "kasa_control_demo",
  "version": "0.0.0",
  "lockfileVersion": 2,
  "requires": true,
  "packages": {
    "": {
      "version": "0.0.0",
      "license": "MIT",
      "dependencies": {
        "kasa_control": "^0.1.0"
      }
    },
    "node_modules/kasa_control": {
      "version": "0.1.0",
      "resolved": "https://registry.npmjs.org/kasa_control/-/kasa_control-0.1.0.tgz",
      "integrity": "sha512-TagVybwgBkhNbTvtq32UgJQnxflLaOZ4TWuz0abFEM+LbngUes1V5orFuek0FTxNpHOuOj6G9f0BiV09gI6CfQ==",
      "dependencies": {
        "node-fetch": "latest",
        "uuid4": "latest"
      }
    },
    "node_modules/node-fetch": {
      "version": "2.6.1",
      "resolved": "https://registry.npmjs.org/node-fetch/-/node-fetch-2.6.1.tgz",
      "integrity": "sha512-V4aYg89jEoVRxRb2fJdAg8FHvI7cEyYdVAh94HH0UIK8oJxUfkjlDQN9RbMx+bEjP7+ggMiFRprSti032Oipxw==",
      "engines": {
        "node": "4.x || >=6.0.0"
      }
    },
    "node_modules/uuid4": {
      "version": "2.0.2",
      "resolved": "https://registry.npmjs.org/uuid4/-/uuid4-2.0.2.tgz",
      "integrity": "sha512-TzsQS8sN1B2m9WojyNp0X/3JL8J2RScnrAJnooNPL6lq3lA02/XdoWysyUgI6rAif0DzkkWk51N6OggujPy2RA=="
    }
  },
  "dependencies": {
    "kasa_control": {
      "version": "0.1.0",
      "resolved": "https://registry.npmjs.org/kasa_control/-/kasa_control-0.1.0.tgz",
      "integrity": "sha512-TagVybwgBkhNbTvtq32UgJQnxflLaOZ4TWuz0abFEM+LbngUes1V5orFuek0FTxNpHOuOj6G9f0BiV09gI6CfQ==",
      "requires": {
        "node-fetch": "latest",
        "uuid4": "latest"
      }
    },
    "node-fetch": {
      "version": "2.6.1",
      "resolved": "https://registry.npmjs.org/node-fetch/-/node-fetch-2.6.1.tgz",
      "integrity": "sha512-V4aYg89jEoVRxRb2fJdAg8FHvI7cEyYdVAh94HH0UIK8oJxUfkjlDQN9RbMx+bEjP7+ggMiFRprSti032Oipxw=="
    },
    "uuid4": {
      "version": "2.0.2",
      "resolved": "https://registry.npmjs.org/uuid4/-/uuid4-2.0.2.tgz",
      "integrity": "sha512-TzsQS8sN1B2m9WojyNp0X/3JL8J2RScnrAJnooNPL6lq3lA02/XdoWysyUgI6rAif0DzkkWk51N6OggujPy2RA=="
    }
  }
}
